<Solution>
  <Project Path="NativeVoteManagerFPMMenuConnector\NativeVoteManagerFPMMenuConnector.csproj" Type="Classic C#" />
  <Project Path="NativeVoteManagerMS.Shared\NativeVoteManagerMS.Shared.csproj" Type="Classic C#" />
  <Project Path="NativeVoteManagerMS\NativeVoteManagerMS.csproj" Type="Classic C#" />
</Solution>